// !$*UTF8*$!
{
	archiveVersion = 1;
	classes = {
	};
	objectVersion = 48;
	objects = {

/* Begin PBXBuildFile section */
		243BC0191FABB8490031D93E /* AppDelegate.swift in Sources */ = {isa = PBXBuildFile; fileRef = 243BC0181FABB8490031D93E /* AppDelegate.swift */; };
		243BC01B1FABB8490031D93E /* ViewController.swift in Sources */ = {isa = PBXBuildFile; fileRef = 243BC01A1FABB8490031D93E /* ViewController.swift */; };
		243BC01E1FABB8490031D93E /* Main.storyboard in Resources */ = {isa = PBXBuildFile; fileRef = 243BC01C1FABB8490031D93E /* Main.storyboard */; };
		243BC0201FABB8490031D93E /* Assets.xcassets in Resources */ = {isa = PBXBuildFile; fileRef = 243BC01F1FABB8490031D93E /* Assets.xcassets */; };
		243BC0231FABB8490031D93E /* LaunchScreen.storyboard in Resources */ = {isa = PBXBuildFile; fileRef = 243BC0211FABB8490031D93E /* LaunchScreen.storyboard */; };
		B2F78D1A61EB57913D275163 /* Pods_Smack_new.framework in Frameworks */ = {isa = PBXBuildFile; fileRef = 041FC93460C29E4716A18CCD /* Pods_Smack_new.framework */; };
/* End PBXBuildFile section */

/* Begin PBXFileReference section */
		041FC93460C29E4716A18CCD /* Pods_Smack_new.framework */ = {isa = PBXFileReference; explicitFileType = wrapper.framework; includeInIndex = 0; path = Pods_Smack_new.framework; sourceTree = BUILT_PRODUCTS_DIR; };
		1951F25D3B2108C1BCE4C6AE /* Pods-Smack-new.release.xcconfig */ = {isa = PBXFileReference; includeInIndex = 1; lastKnownFileType = text.xcconfig; name = "Pods-Smack-new.release.xcconfig"; path = "Pods/Target Support Files/Pods-Smack-new/Pods-Smack-new.release.xcconfig"; sourceTree = "<group>"; };
		243BC0151FABB8490031D93E /* Smack-new.app */ = {isa = PBXFileReference; explicitFileType = wrapper.application; includeInIndex = 0; path = "Smack-new.app"; sourceTree = BUILT_PRODUCTS_DIR; };
		243BC0181FABB8490031D93E /* AppDelegate.swift */ = {isa = PBXFileReference; lastKnownFileType = sourcecode.swift; path = AppDelegate.swift; sourceTree = "<group>"; };
		243BC01A1FABB8490031D93E /* ViewController.swift */ = {isa = PBXFileReference; lastKnownFileType = sourcecode.swift; path = ViewController.swift; sourceTree = "<group>"; };
		243BC01D1FABB8490031D93E /* Base */ = {isa = PBXFileReference; lastKnownFileType = file.storyboard; name = Base; path = Base.lproj/Main.storyboard; sourceTree = "<group>"; };
		243BC01F1FABB8490031D93E /* Assets.xcassets */ = {isa = PBXFileReference; lastKnownFileType = folder.assetcatalog; path = Assets.xcassets; sourceTree = "<group>"; };
		243BC0221FABB8490031D93E /* Base */ = {isa = PBXFileReference; lastKnownFileType = file.storyboard; name = Base; path = Base.lproj/LaunchScreen.storyboard; sourceTree = "<group>"; };
		243BC0241FABB8490031D93E /* Info.plist */ = {isa = PBXFileReference; lastKnownFileType = text.plist.xml; path = Info.plist; sourceTree = "<group>"; };
		7EB229155B9DDF072FA3D5A0 /* Pods-Smack-new.debug.xcconfig */ = {isa = PBXFileReference; includeInIndex = 1; lastKnownFileType = text.xcconfig; name = "Pods-Smack-new.debug.xcconfig"; path = "Pods/Target Support Files/Pods-Smack-new/Pods-Smack-new.debug.xcconfig"; sourceTree = "<group>"; };
/* End PBXFileReference section */

/* Begin PBXFrameworksBuildPhase section */
		243BC0121FABB8490031D93E /* Frameworks */ = {
			isa = PBXFrameworksBuildPhase;
			buildActionMask = 2147483647;
			files = (
				B2F78D1A61EB57913D275163 /* Pods_Smack_new.framework in Frameworks */,
			);
			runOnlyForDeploymentPostprocessing = 0;
		};
/* End PBXFrameworksBuildPhase section */

/* Begin PBXGroup section */
		243BC00C1FABB8490031D93E = {
			isa = PBXGroup;
			children = (
				243BC0171FABB8490031D93E /* Smack-new */,
				243BC0161FABB8490031D93E /* Products */,
				DDEC0770A7A4D5210BB617D6 /* Pods */,
				DEF3D74BE15B6EBCB9B5A3E4 /* Frameworks */,
			);
			sourceTree = "<group>";
		};
		243BC0161FABB8490031D93E /* Products */ = {
			isa = PBXGroup;
			children = (
				243BC0151FABB8490031D93E /* Smack-new.app */,
			);
			name = Products;
			sourceTree = "<group>";
		};
		243BC0171FABB8490031D93E /* Smack-new */ = {
			isa = PBXGroup;
			children = (
				243BC0181FABB8490031D93E /* AppDelegate.swift */,
				243BC01A1FABB8490031D93E /* ViewController.swift */,
				243BC01C1FABB8490031D93E /* Main.storyboard */,
				243BC01F1FABB8490031D93E /* Assets.xcassets */,
				243BC0211FABB8490031D93E /* LaunchScreen.storyboard */,
				243BC0241FABB8490031D93E /* Info.plist */,
			);
			path = "Smack-new";
			sourceTree = "<group>";
		};
		DDEC0770A7A4D5210BB617D6 /* Pods */ = {
			isa = PBXGroup;
			children = (
				7EB229155B9DDF072FA3D5A0 /* Pods-Smack-new.debug.xcconfig */,
				1951F25D3B2108C1BCE4C6AE /* Pods-Smack-new.release.xcconfig */,
			);
			name = Pods;
			sourceTree = "<group>";
		};
		DEF3D74BE15B6EBCB9B5A3E4 /* Frameworks */ = {
			isa = PBXGroup;
			children = (
				041FC93460C29E4716A18CCD /* Pods_Smack_new.framework */,
			);
			name = Frameworks;
			sourceTree = "<group>";
		};
/* End PBXGroup section */

/* Begin PBXNativeTarget section */
		243BC0141FABB8490031D93E /* Smack-new */ = {
			isa = PBXNativeTarget;
			buildConfigurationList = 243BC0271FABB8490031D93E /* Build configuration list for PBXNativeTarget "Smack-new" */;
			buildPhases = (
				BDF04CD96605CBFC89F11F19 /* [CP] Check Pods Manifest.lock */,
				243BC0111FABB8490031D93E /* Sources */,
				243BC0121FABB8490031D93E /* Frameworks */,
				243BC0131FABB8490031D93E /* Resources */,
				18A0861503494BC1BC14885E /* [CP] Embed Pods Frameworks */,
				C0F603449B6F22B7E5F2AFC4 /* [CP] Copy Pods Resources */,
			);
			buildRules = (
			);
			dependencies = (
			);
			name = "Smack-new";
			productName = "Smack-new";
			productReference = 243BC0151FABB8490031D93E /* Smack-new.app */;
			productType = "com.apple.product-type.application";
		};
/* End PBXNativeTarget section */

/* Begin PBXProject section */
		243BC00D1FABB8490031D93E /* Project object */ = {
			isa = PBXProject;
			attributes = {
				LastSwiftUpdateCheck = 0900;
				LastUpgradeCheck = 0900;
				ORGANIZATIONNAME = "Ritesh Maurya";
				TargetAttributes = {
					243BC0141FABB8490031D93E = {
						CreatedOnToolsVersion = 9.0;
						ProvisioningStyle = Automatic;
					};
				};
			};
			buildConfigurationList = 243BC0101FABB8490031D93E /* Build configuration list for PBXProject "Smack-new" */;
			compatibilityVersion = "Xcode 8.0";
			developmentRegion = en;
			hasScannedForEncodings = 0;
			knownRegions = (
				en,
				Base,
			);
			mainGroup = 243BC00C1FABB8490031D93E;
			productRefGroup = 243BC0161FABB8490031D93E /* Products */;
			projectDirPath = "";
			projectRoot = "";
			targets = (
				243BC0141FABB8490031D93E /* Smack-new */,
			);
		};
/* End PBXProject section */

/* Begin PBXResourcesBuildPhase section */
		243BC0131FABB8490031D93E /* Resources */ = {
			isa = PBXResourcesBuildPhase;
			buildActionMask = 2147483647;
			files = (
				243BC0231FABB8490031D93E /* LaunchScreen.storyboard in Resources */,
				243BC0201FABB8490031D93E /* Assets.xcassets in Resources */,
				243BC01E1FABB8490031D93E /* Main.storyboard in Resources */,
			);
			runOnlyForDeploymentPostprocessing = 0;
		};
/* End PBXResourcesBuildPhase section */

/* Begin PBXShellScriptBuildPhase section */
		18A0861503494BC1BC14885E /* [CP] Embed Pods Frameworks */ = {
			isa = PBXShellScriptBuildPhase;
			buildActionMask = 2147483647;
			files = (
			);
			inputPaths = (
			);
			name = "[CP] Embed Pods Frameworks";
			outputPaths = (
			);
			runOnlyForDeploymentPostprocessing = 0;
			shellPath = /bin/sh;
			shellScript = "\"${SRCROOT}/Pods/Target Support Files/Pods-Smack-new/Pods-Smack-new-frameworks.sh\"\n";
			showEnvVarsInLog = 0;
		};
		BDF04CD96605CBFC89F11F19 /* [CP] Check Pods Manifest.lock */ = {
			isa = PBXShellScriptBuildPhase;
			buildActionMask = 2147483647;
			files = (
			);
			inputPaths = (
			);
			name = "[CP] Check Pods Manifest.lock";
			outputPaths = (
			);
			runOnlyForDeploymentPostprocessing = 0;
			shellPath = /bin/sh;
			shellScript = "diff \"${PODS_ROOT}/../Podfile.lock\" \"${PODS_ROOT}/Manifest.lock\" > /dev/null\nif [ $? != 0 ] ; then\n    # print error to STDERR\n    echo \"error: The sandbox is not in sync with the Podfile.lock. Run 'pod install' or update your CocoaPods installation.\" >&2\n    exit 1\nfi\n";
			showEnvVarsInLog = 0;
		};
		C0F603449B6F22B7E5F2AFC4 /* [CP] Copy Pods Resources */ = {
			isa = PBXShellScriptBuildPhase;
			buildActionMask = 2147483647;
			files = (
			);
			inputPaths = (
			);
			name = "[CP] Copy Pods Resources";
			outputPaths = (
			);
			runOnlyForDeploymentPostprocessing = 0;
			shellPath = /bin/sh;
			shellScript = "\"${SRCROOT}/Pods/Target Support Files/Pods-Smack-new/Pods-Smack-new-resources.sh\"\n";
			showEnvVarsInLog = 0;
		};
/* End PBXShellScriptBuildPhase section */

/* Begin PBXSourcesBuildPhase section */
		243BC0111FABB8490031D93E /* Sources */ = {
			isa = PBXSourcesBuildPhase;
			buildActionMask = 2147483647;
			files = (
				243BC01B1FABB8490031D93E /* ViewController.swift in Sources */,
				243BC0191FABB8490031D93E /* AppDelegate.swift in Sources */,
			);
			runOnlyForDeploymentPostprocessing = 0;
		};
/* End PBXSourcesBuildPhase section */

/* Begin PBXVariantGroup section */
		243BC01C1FABB8490031D93E /* Main.storyboard */ = {
			isa = PBXVariantGroup;
			children = (
				243BC01D1FABB8490031D93E /* Base */,
			);
			name = Main.storyboard;
			sourceTree = "<group>";
		};
		243BC0211FABB8490031D93E /* LaunchScreen.storyboard */ = {
			isa = PBXVariantGroup;
			children = (
				243BC0221FABB8490031D93E /* Base */,
			);
			name = LaunchScreen.storyboard;
			sourceTree = "<group>";
		};
/* End PBXVariantGroup section */

/* Begin XCBuildConfiguration section */
		243BC0251FABB8490031D93E /* Debug */ = {
			isa = XCBuildConfiguration;
			buildSettings = {
				ALWAYS_SEARCH_USER_PATHS = NO;
				CLANG_ANALYZER_NONNULL = YES;
				CLANG_ANALYZER_NUMBER_OBJECT_CONVERSION = YES_AGGRESSIVE;
				CLANG_CXX_LANGUAGE_STANDARD = "gnu++14";
				CLANG_CXX_LIBRARY = "libc++";
				CLANG_ENABLE_MODULES = YES;
				CLANG_ENABLE_OBJC_ARC = YES;
				CLANG_WARN_BLOCK_CAPTURE_AUTORELEASING = YES;
				CLANG_WARN_BOOL_CONVERSION = YES;
				CLANG_WARN_COMMA = YES;
				CLANG_WARN_CONSTANT_CONVERSION = YES;
				CLANG_WARN_DIRECT_OBJC_ISA_USAGE = YES_ERROR;
				CLANG_WARN_DOCUMENTATION_COMMENTS = YES;
				CLANG_WARN_EMPTY_BODY = YES;
				CLANG_WARN_ENUM_CONVERSION = YES;
				CLANG_WARN_INFINITE_RECURSION = YES;
				CLANG_WARN_INT_CONVERSION = YES;
				CLANG_WARN_NON_LITERAL_NULL_CONVERSION = YES;
				CLANG_WARN_OBJC_LITERAL_CONVERSION = YES;
				CLANG_WARN_OBJC_ROOT_CLASS = YES_ERROR;
				CLANG_WARN_RANGE_LOOP_ANALYSIS = YES;
				CLANG_WARN_STRICT_PROTOTYPES = YES;
				CLANG_WARN_SUSPICIOUS_MOVE = YES;
				CLANG_WARN_UNGUARDED_AVAILABILITY = YES_AGGRESSIVE;
				CLANG_WARN_UNREACHABLE_CODE = YES;
				CLANG_WARN__DUPLICATE_METHOD_MATCH = YES;
				CODE_SIGN_IDENTITY = "iPhone Developer";
				COPY_PHASE_STRIP = NO;
				DEBUG_INFORMATION_FORMAT = dwarf;
				ENABLE_STRICT_OBJC_MSGSEND = YES;
				ENABLE_TESTABILITY = YES;
				GCC_C_LANGUAGE_STANDARD = gnu11;
				GCC_DYNAMIC_NO_PIC = NO;
				GCC_NO_COMMON_BLOCKS = YES;
				GCC_OPTIMIZATION_LEVEL = 0;
				GCC_PREPROCESSOR_DEFINITIONS = (
					"DEBUG=1",
					"$(inherited)",
				);
				GCC_WARN_64_TO_32_BIT_CONVERSION = YES;
				GCC_WARN_ABOUT_RETURN_TYPE = YES_ERROR;
				GCC_WARN_UNDECLARED_SELECTOR = YES;
				GCC_WARN_UNINITIALIZED_AUTOS = YES_AGGRESSIVE;
				GCC_WARN_UNUSED_FUNCTION = YES;
				GCC_WARN_UNUSED_VARIABLE = YES;
				IPHONEOS_DEPLOYMENT_TARGET = 11.0;
				MTL_ENABLE_DEBUG_INFO = YES;
				ONLY_ACTIVE_ARCH = YES;
				SDKROOT = iphoneos;
				SWIFT_ACTIVE_COMPILATION_CONDITIONS = DEBUG;
				SWIFT_OPTIMIZATION_LEVEL = "-Onone";
			};
			name = Debug;
		};
		243BC0261FABB8490031D93E /* Release */ = {
			isa = XCBuildConfiguration;
			buildSettings = {
				ALWAYS_SEARCH_USER_PATHS = NO;
				CLANG_ANALYZER_NONNULL = YES;
				CLANG_ANALYZER_NUMBER_OBJECT_CONVERSION = YES_AGGRESSIVE;
				CLANG_CXX_LANGUAGE_STANDARD = "gnu++14";
				CLANG_CXX_LIBRARY = "libc++";
				CLANG_ENABLE_MODULES = YES;
				CLANG_ENABLE_OBJC_ARC = YES;
				CLANG_WARN_BLOCK_CAPTURE_AUTORELEASING = YES;
				CLANG_WARN_BOOL_CONVERSION = YES;
				CLANG_WARN_COMMA = YES;
				CLANG_WARN_CONSTANT_CONVERSION = YES;
				CLANG_WARN_DIRECT_OBJC_ISA_USAGE = YES_ERROR;
				CLANG_WARN_DOCUMENTATION_COMMENTS = YES;
				CLANG_WARN_EMPTY_BODY = YES;
				CLANG_WARN_ENUM_CONVERSION = YES;
				CLANG_WARN_INFINITE_RECURSION = YES;
				CLANG_WARN_INT_CONVERSION = YES;
				CLANG_WARN_NON_LITERAL_NULL_CONVERSION = YES;
				CLANG_WARN_OBJC_LITERAL_CONVERSION = YES;
				CLANG_WARN_OBJC_ROOT_CLASS = YES_ERROR;
				CLANG_WARN_RANGE_LOOP_ANALYSIS = YES;
				CLANG_WARN_STRICT_PROTOTYPES = YES;
				CLANG_WARN_SUSPICIOUS_MOVE = YES;
				CLANG_WARN_UNGUARDED_AVAILABILITY = YES_AGGRESSIVE;
				CLANG_WARN_UNREACHABLE_CODE = YES;
				CLANG_WARN__DUPLICATE_METHOD_MATCH = YES;
				CODE_SIGN_IDENTITY = "iPhone Developer";
				COPY_PHASE_STRIP = NO;
				DEBUG_INFORMATION_FORMAT = "dwarf-with-dsym";
				ENABLE_NS_ASSERTIONS = NO;
				ENABLE_STRICT_OBJC_MSGSEND = YES;
				GCC_C_LANGUAGE_STANDARD = gnu11;
				GCC_NO_COMMON_BLOCKS = YES;
				GCC_WARN_64_TO_32_BIT_CONVERSION = YES;
				GCC_WARN_ABOUT_RETURN_TYPE = YES_ERROR;
				GCC_WARN_UNDECLARED_SELECTOR = YES;
				GCC_WARN_UNINITIALIZED_AUTOS = YES_AGGRESSIVE;
				GCC_WARN_UNUSED_FUNCTION = YES;
				GCC_WARN_UNUSED_VARIABLE = YES;
				IPHONEOS_DEPLOYMENT_TARGET = 11.0;
				MTL_ENABLE_DEBUG_INFO = NO;
				SDKROOT = iphoneos;
				SWIFT_OPTIMIZATION_LEVEL = "-Owholemodule";
				VALIDATE_PRODUCT = YES;
			};
			name = Release;
		};
		243BC0281FABB8490031D93E /* Debug */ = {
			isa = XCBuildConfiguration;
			baseConfigurationReference = 7EB229155B9DDF072FA3D5A0 /* Pods-Smack-new.debug.xcconfig */;
			buildSettings = {
				ASSETCATALOG_COMPILER_APPICON_NAME = AppIcon;
				CODE_SIGN_STYLE = Automatic;
				DEVELOPMENT_TEAM = 9WUJP6LX9J;
				INFOPLIST_FILE = "Smack-new/Info.plist";
				LD_RUNPATH_SEARCH_PATHS = "$(inherited) @executable_path/Frameworks";
				PRODUCT_BUNDLE_IDENTIFIER = "com.ritesh.Smack-new";
				PRODUCT_NAME = "$(TARGET_NAME)";
				SWIFT_VERSION = 4.0;
				TARGETED_DEVICE_FAMILY = "1,2";
			};
			name = Debug;
		};
		243BC0291FABB8490031D93E /* Release */ = {
			isa = XCBuildConfiguration;
			baseConfigurationReference = 1951F25D3B2108C1BCE4C6AE /* Pods-Smack-new.release.xcconfig */;
			buildSettings = {
				ASSETCATALOG_COMPILER_APPICON_NAME = AppIcon;
				CODE_SIGN_STYLE = Automatic;
				DEVELOPMENT_TEAM = 9WUJP6LX9J;
				INFOPLIST_FILE = "Smack-new/Info.plist";
				LD_RUNPATH_SEARCH_PATHS = "$(inherited) @executable_path/Frameworks";
				PRODUCT_BUNDLE_IDENTIFIER = "com.ritesh.Smack-new";
				PRODUCT_NAME = "$(TARGET_NAME)";
				SWIFT_VERSION = 4.0;
				TARGETED_DEVICE_FAMILY = "1,2";
			};
			name = Release;
		};
/* End XCBuildConfiguration section */

/* Begin XCConfigurationList section */
		243BC0101FABB8490031D93E /* Build configuration list for PBXProject "Smack-new" */ = {
			isa = XCConfigurationList;
			buildConfigurations = (
				243BC0251FABB8490031D93E /* Debug */,
				243BC0261FABB8490031D93E /* Release */,
			);
			defaultConfigurationIsVisible = 0;
			defaultConfigurationName = Release;
		};
		243BC0271FABB8490031D93E /* Build configuration list for PBXNativeTarget "Smack-new" */ = {
			isa = XCConfigurationList;
			buildConfigurations = (
				243BC0281FABB8490031D93E /* Debug */,
				243BC0291FABB8490031D93E /* Release */,
			);
			defaultConfigurationIsVisible = 0;
			defaultConfigurationName = Release;
		};
/* End XCConfigurationList section */
	};
	rootObject = 243BC00D1FABB8490031D93E /* Project object */;
}
